Microsoft Visual Studio Solution File, Format Version 12.00
# Visual Studio Version 17
VisualStudioVersion = 17.5.2.0
MinimumVisualStudioVersion = 10.0.40219.1
Project("{FAE04EC0-301F-11D3-BF4B-00C04F79EFBC}") = "Medical", "Medical.csproj", "{2689BFEF-67B6-DF4F-1C82-F42A86ACBFA6}"
EndProject
Global
	GlobalSection(SolutionConfigurationPlatforms) = preSolution
		Debug|Any CPU = Debug|Any CPU
		Release|Any CPU = Release|Any CPU
	EndGlobalSection
	GlobalSection(ProjectConfigurationPlatforms) = postSolution
		{2689BFEF-67B6-DF4F-1C82-F42A86ACBFA6}.Debug|Any CPU.ActiveCfg = Debug|Any CPU
		{2689BFEF-67B6-DF4F-1C82-F42A86ACBFA6}.Debug|Any CPU.Build.0 = Debug|Any CPU
		{2689BFEF-67B6-DF4F-1C82-F42A86ACBFA6}.Release|Any CPU.ActiveCfg = Release|Any CPU
		{2689BFEF-67B6-DF4F-1C82-F42A86ACBFA6}.Release|Any CPU.Build.0 = Release|Any CPU
	EndGlobalSection
	GlobalSection(SolutionProperties) = preSolution
		HideSolutionNode = FALSE
	EndGlobalSection
	GlobalSection(ExtensibilityGlobals) = postSolution
		SolutionGuid = {FC185CDF-CA93-4B1C-B511-F9E4CF4D9869}
	EndGlobalSection
EndGlobal
